
Microsoft Visual Studio Solution File, Format Version 12.00
# Visual Studio 2012
Project("{FAE04EC0-301F-11D3-BF4B-00C04F79EFBC}") = "ChronoSpark.Service", "ChronoSpark.Service.csproj", "{049A4861-0FDC-47D1-B87F-6469B9C9E6B1}"
EndProject
Project("{FAE04EC0-301F-11D3-BF4B-00C04F79EFBC}") = "ChronoSpark.Service.Tests", "..\ChronoSpark.Service.Tests\ChronoSpark.Service.Tests.csproj", "{1456BA80-8987-48D7-BD00-EB688AD9A47E}"
EndProject
Project("{FAE04EC0-301F-11D3-BF4B-00C04F79EFBC}") = "ChronoSpark.Data", "..\ChronoSpark.Data\ChronoSpark.Data.csproj", "{2EC5C30E-E889-4B5B-9D73-95F18A12E739}"
EndProject
Project("{FAE04EC0-301F-11D3-BF4B-00C04F79EFBC}") = "ChronoSpark.Data.Entities", "..\ChronoSpark.Data.Entities\ChronoSpark.Data.Entities.csproj", "{3F685749-2B45-4142-A681-8F27348F64B4}"
EndProject
Project("{FAE04EC0-301F-11D3-BF4B-00C04F79EFBC}") = "ChronoSpark.Logic", "..\ChronoSpark.Logic\ChronoSpark.Logic.csproj", "{ECCA1BFF-8379-4853-BA5B-D485D48DCF93}"
EndProject
Project("{FAE04EC0-301F-11D3-BF4B-00C04F79EFBC}") = "ChronoSpark.Logic.Tests", "..\ChronoSpark.Logic.Tests\ChronoSpark.Logic.Tests.csproj", "{49F1D535-58B6-4ABB-864B-8D7950E98969}"
EndProject
Project("{2150E333-8FDC-42A3-9474-1A3956D46DE8}") = "Tests", "Tests", "{92BB9E7B-FA53-4B3D-8C0D-FF62FE15C520}"
EndProject
Project("{2150E333-8FDC-42A3-9474-1A3956D46DE8}") = "Clients", "Clients", "{4021A0CC-95EF-4A11-B81A-365268CD4FA6}"
EndProject
Project("{FAE04EC0-301F-11D3-BF4B-00C04F79EFBC}") = "ChronoSpark.Clients.Cli", "..\ChronoSpark.Clients.Cli\ChronoSpark.Clients.Cli.csproj", "{0D2DDBE3-46E2-4F31-8910-4D0DF253EAFC}"
EndProject
Project("{2150E333-8FDC-42A3-9474-1A3956D46DE8}") = "Data", "Data", "{61DE94EB-D129-4312-B4DE-32D52687BFE8}"
EndProject
Global
	GlobalSection(SolutionConfigurationPlatforms) = preSolution
		Debug|Any CPU = Debug|Any CPU
		Release|Any CPU = Release|Any CPU
	EndGlobalSection
	GlobalSection(ProjectConfigurationPlatforms) = postSolution
		{049A4861-0FDC-47D1-B87F-6469B9C9E6B1}.Debug|Any CPU.ActiveCfg = Debug|Any CPU
		{049A4861-0FDC-47D1-B87F-6469B9C9E6B1}.Debug|Any CPU.Build.0 = Debug|Any CPU
		{049A4861-0FDC-47D1-B87F-6469B9C9E6B1}.Release|Any CPU.ActiveCfg = Release|Any CPU
		{049A4861-0FDC-47D1-B87F-6469B9C9E6B1}.Release|Any CPU.Build.0 = Release|Any CPU
		{1456BA80-8987-48D7-BD00-EB688AD9A47E}.Debug|Any CPU.ActiveCfg = Debug|Any CPU
		{1456BA80-8987-48D7-BD00-EB688AD9A47E}.Debug|Any CPU.Build.0 = Debug|Any CPU
		{1456BA80-8987-48D7-BD00-EB688AD9A47E}.Release|Any CPU.ActiveCfg = Release|Any CPU
		{1456BA80-8987-48D7-BD00-EB688AD9A47E}.Release|Any CPU.Build.0 = Release|Any CPU
		{2EC5C30E-E889-4B5B-9D73-95F18A12E739}.Debug|Any CPU.ActiveCfg = Debug|Any CPU
		{2EC5C30E-E889-4B5B-9D73-95F18A12E739}.Debug|Any CPU.Build.0 = Debug|Any CPU
		{2EC5C30E-E889-4B5B-9D73-95F18A12E739}.Release|Any CPU.ActiveCfg = Release|Any CPU
		{2EC5C30E-E889-4B5B-9D73-95F18A12E739}.Release|Any CPU.Build.0 = Release|Any CPU
		{3F685749-2B45-4142-A681-8F27348F64B4}.Debug|Any CPU.ActiveCfg = Debug|Any CPU
		{3F685749-2B45-4142-A681-8F27348F64B4}.Debug|Any CPU.Build.0 = Debug|Any CPU
		{3F685749-2B45-4142-A681-8F27348F64B4}.Release|Any CPU.ActiveCfg = Release|Any CPU
		{3F685749-2B45-4142-A681-8F27348F64B4}.Release|Any CPU.Build.0 = Release|Any CPU
		{ECCA1BFF-8379-4853-BA5B-D485D48DCF93}.Debug|Any CPU.ActiveCfg = Debug|Any CPU
		{ECCA1BFF-8379-4853-BA5B-D485D48DCF93}.Debug|Any CPU.Build.0 = Debug|Any CPU
		{ECCA1BFF-8379-4853-BA5B-D485D48DCF93}.Release|Any CPU.ActiveCfg = Release|Any CPU
		{ECCA1BFF-8379-4853-BA5B-D485D48DCF93}.Release|Any CPU.Build.0 = Release|Any CPU
		{49F1D535-58B6-4ABB-864B-8D7950E98969}.Debug|Any CPU.ActiveCfg = Debug|Any CPU
		{49F1D535-58B6-4ABB-864B-8D7950E98969}.Debug|Any CPU.Build.0 = Debug|Any CPU
		{49F1D535-58B6-4ABB-864B-8D7950E98969}.Release|Any CPU.ActiveCfg = Release|Any CPU
		{49F1D535-58B6-4ABB-864B-8D7950E98969}.Release|Any CPU.Build.0 = Release|Any CPU
		{0D2DDBE3-46E2-4F31-8910-4D0DF253EAFC}.Debug|Any CPU.ActiveCfg = Debug|Any CPU
		{0D2DDBE3-46E2-4F31-8910-4D0DF253EAFC}.Debug|Any CPU.Build.0 = Debug|Any CPU
		{0D2DDBE3-46E2-4F31-8910-4D0DF253EAFC}.Release|Any CPU.ActiveCfg = Release|Any CPU
		{0D2DDBE3-46E2-4F31-8910-4D0DF253EAFC}.Release|Any CPU.Build.0 = Release|Any CPU
	EndGlobalSection
	GlobalSection(SolutionProperties) = preSolution
		HideSolutionNode = FALSE
	EndGlobalSection
	GlobalSection(NestedProjects) = preSolution
		{49F1D535-58B6-4ABB-864B-8D7950E98969} = {92BB9E7B-FA53-4B3D-8C0D-FF62FE15C520}
		{1456BA80-8987-48D7-BD00-EB688AD9A47E} = {92BB9E7B-FA53-4B3D-8C0D-FF62FE15C520}
		{0D2DDBE3-46E2-4F31-8910-4D0DF253EAFC} = {4021A0CC-95EF-4A11-B81A-365268CD4FA6}
		{2EC5C30E-E889-4B5B-9D73-95F18A12E739} = {61DE94EB-D129-4312-B4DE-32D52687BFE8}
		{3F685749-2B45-4142-A681-8F27348F64B4} = {61DE94EB-D129-4312-B4DE-32D52687BFE8}
	EndGlobalSection
EndGlobal
